// !$*UTF8*$!
{
	archiveVersion = 1;
	classes = {
	};
	objectVersion = 46;
	objects = {

/* Begin PBXBuildFile section */
		7B55BC3A1E135A4F00119A75 /* AppDelegate.swift in Sources */ = {isa = PBXBuildFile; fileRef = 7B55BC391E135A4F00119A75 /* AppDelegate.swift */; };
		7B55BC3C1E135A4F00119A75 /* ViewController.swift in Sources */ = {isa = PBXBuildFile; fileRef = 7B55BC3B1E135A4F00119A75 /* ViewController.swift */; };
		7B55BC3F1E135A4F00119A75 /* Main.storyboard in Resources */ = {isa = PBXBuildFile; fileRef = 7B55BC3D1E135A4F00119A75 /* Main.storyboard */; };
		7B55BC411E135A4F00119A75 /* Assets.xcassets in Resources */ = {isa = PBXBuildFile; fileRef = 7B55BC401E135A4F00119A75 /* Assets.xcassets */; };
		7B55BC441E135A4F00119A75 /* LaunchScreen.storyboard in Resources */ = {isa = PBXBuildFile; fileRef = 7B55BC421E135A4F00119A75 /* LaunchScreen.storyboard */; };
/* End PBXBuildFile section */

/* Begin PBXFileReference section */
		7B55BC361E135A4F00119A75 /* Pirate Bay.app */ = {isa = PBXFileReference; explicitFileType = wrapper.application; includeInIndex = 0; path = "Pirate Bay.app"; sourceTree = BUILT_PRODUCTS_DIR; };
		7B55BC391E135A4F00119A75 /* AppDelegate.swift */ = {isa = PBXFileReference; lastKnownFileType = sourcecode.swift; path = AppDelegate.swift; sourceTree = "<group>"; };
		7B55BC3B1E135A4F00119A75 /* ViewController.swift */ = {isa = PBXFileReference; lastKnownFileType = sourcecode.swift; path = ViewController.swift; sourceTree = "<group>"; };
		7B55BC3E1E135A4F00119A75 /* Base */ = {isa = PBXFileReference; lastKnownFileType = file.storyboard; name = Base; path = Base.lproj/Main.storyboard; sourceTree = "<group>"; };
		7B55BC401E135A4F00119A75 /* Assets.xcassets */ = {isa = PBXFileReference; lastKnownFileType = folder.assetcatalog; path = Assets.xcassets; sourceTree = "<group>"; };
		7B55BC431E135A4F00119A75 /* Base */ = {isa = PBXFileReference; lastKnownFileType = file.storyboard; name = Base; path = Base.lproj/LaunchScreen.storyboard; sourceTree = "<group>"; };
		7B55BC451E135A4F00119A75 /* Info.plist */ = {isa = PBXFileReference; lastKnownFileType = text.plist.xml; path = Info.plist; sourceTree = "<group>"; };
/* End PBXFileReference section */

/* Begin PBXFrameworksBuildPhase section */
		7B55BC331E135A4F00119A75 /* Frameworks */ = {
			isa = PBXFrameworksBuildPhase;
			buildActionMask = 2147483647;
			files = (
			);
			runOnlyForDeploymentPostprocessing = 0;
		};
/* End PBXFrameworksBuildPhase section */

/* Begin PBXGroup section */
		7B55BC2D1E135A4F00119A75 = {
			isa = PBXGroup;
			children = (
				7B55BC381E135A4F00119A75 /* Pirate Bay */,
				7B55BC371E135A4F00119A75 /* Products */,
			);
			sourceTree = "<group>";
		};
		7B55BC371E135A4F00119A75 /* Products */ = {
			isa = PBXGroup;
			children = (
				7B55BC361E135A4F00119A75 /* Pirate Bay.app */,
			);
			name = Products;
			sourceTree = "<group>";
		};
		7B55BC381E135A4F00119A75 /* Pirate Bay */ = {
			isa = PBXGroup;
			children = (
				7B55BC391E135A4F00119A75 /* AppDelegate.swift */,
				7B55BC3B1E135A4F00119A75 /* ViewController.swift */,
				7B55BC3D1E135A4F00119A75 /* Main.storyboard */,
				7B55BC401E135A4F00119A75 /* Assets.xcassets */,
				7B55BC421E135A4F00119A75 /* LaunchScreen.storyboard */,
				7B55BC451E135A4F00119A75 /* Info.plist */,
			);
			path = "Pirate Bay";
			sourceTree = "<group>";
		};
/* End PBXGroup section */

/* Begin PBXNativeTarget section */
		7B55BC351E135A4F00119A75 /* Pirate Bay */ = {
			isa = PBXNativeTarget;
			buildConfigurationList = 7B55BC481E135A4F00119A75 /* Build configuration list for PBXNativeTarget "Pirate Bay" */;
			buildPhases = (
				7B55BC321E135A4F00119A75 /* Sources */,
				7B55BC331E135A4F00119A75 /* Frameworks */,
				7B55BC341E135A4F00119A75 /* Resources */,
			);
			buildRules = (
			);
			dependencies = (
			);
			name = "Pirate Bay";
			productName = "Pirate Bay";
			productReference = 7B55BC361E135A4F00119A75 /* Pirate Bay.app */;
			productType = "com.apple.product-type.application";
		};
/* End PBXNativeTarget section */

/* Begin PBXProject section */
		7B55BC2E1E135A4F00119A75 /* Project object */ = {
			isa = PBXProject;
			attributes = {
				LastSwiftUpdateCheck = 0820;
				LastUpgradeCheck = 0820;
				ORGANIZATIONNAME = devhubs;
				TargetAttributes = {
					7B55BC351E135A4F00119A75 = {
						CreatedOnToolsVersion = 8.2.1;
						DevelopmentTeam = MW4DYSHR2N;
						ProvisioningStyle = Automatic;
					};
				};
			};
			buildConfigurationList = 7B55BC311E135A4F00119A75 /* Build configuration list for PBXProject "Pirate Bay" */;
			compatibilityVersion = "Xcode 3.2";
			developmentRegion = English;
			hasScannedForEncodings = 0;
			knownRegions = (
				en,
				Base,
			);
			mainGroup = 7B55BC2D1E135A4F00119A75;
			productRefGroup = 7B55BC371E135A4F00119A75 /* Products */;
			projectDirPath = "";
			projectRoot = "";
			targets = (
				7B55BC351E135A4F00119A75 /* Pirate Bay */,
			);
		};
/* End PBXProject section */

/* Begin PBXResourcesBuildPhase section */
		7B55BC341E135A4F00119A75 /* Resources */ = {
			isa = PBXResourcesBuildPhase;
			buildActionMask = 2147483647;
			files = (
				7B55BC441E135A4F00119A75 /* LaunchScreen.storyboard in Resources */,
				7B55BC411E135A4F00119A75 /* Assets.xcassets in Resources */,
				7B55BC3F1E135A4F00119A75 /* Main.storyboard in Resources */,
			);
			runOnlyForDeploymentPostprocessing = 0;
		};
/* End PBXResourcesBuildPhase section */

/* Begin PBXSourcesBuildPhase section */
		7B55BC321E135A4F00119A75 /* Sources */ = {
			isa = PBXSourcesBuildPhase;
			buildActionMask = 2147483647;
			files = (
				7B55BC3C1E135A4F00119A75 /* ViewController.swift in Sources */,
				7B55BC3A1E135A4F00119A75 /* AppDelegate.swift in Sources */,
			);
			runOnlyForDeploymentPostprocessing = 0;
		};
/* End PBXSourcesBuildPhase section */

/* Begin PBXVariantGroup section */
		7B55BC3D1E135A4F00119A75 /* Main.storyboard */ = {
			isa = PBXVariantGroup;
			children = (
				7B55BC3E1E135A4F00119A75 /* Base */,
			);
			name = Main.storyboard;
			sourceTree = "<group>";
		};
		7B55BC421E135A4F00119A75 /* LaunchScreen.storyboard */ = {
			isa = PBXVariantGroup;
			children = (
				7B55BC431E135A4F00119A75 /* Base */,
			);
			name = LaunchScreen.storyboard;
			sourceTree = "<group>";
		};
/* End PBXVariantGroup section */

/* Begin XCBuildConfiguration section */
		7B55BC461E135A4F00119A75 /* Debug */ = {
			isa = XCBuildConfiguration;
			buildSettings = {
				ALWAYS_SEARCH_USER_PATHS = NO;
				CLANG_ANALYZER_NONNULL = YES;
				CLANG_CXX_LANGUAGE_STANDARD = "gnu++0x";
				CLANG_CXX_LIBRARY = "libc++";
				CLANG_ENABLE_MODULES = YES;
				CLANG_ENABLE_OBJC_ARC = YES;
				CLANG_WARN_BOOL_CONVERSION = YES;
				CLANG_WARN_CONSTANT_CONVERSION = YES;
				CLANG_WARN_DIRECT_OBJC_ISA_USAGE = YES_ERROR;
				CLANG_WARN_DOCUMENTATION_COMMENTS = YES;
				CLANG_WARN_EMPTY_BODY = YES;
				CLANG_WARN_ENUM_CONVERSION = YES;
				CLANG_WARN_INFINITE_RECURSION = YES;
				CLANG_WARN_INT_CONVERSION = YES;
				CLANG_WARN_OBJC_ROOT_CLASS = YES_ERROR;
				CLANG_WARN_SUSPICIOUS_MOVE = YES;
				CLANG_WARN_UNREACHABLE_CODE = YES;
				CLANG_WARN__DUPLICATE_METHOD_MATCH = YES;
				"CODE_SIGN_IDENTITY[sdk=iphoneos*]" = "iPhone Developer";
				COPY_PHASE_STRIP = NO;
				DEBUG_INFORMATION_FORMAT = dwarf;
				ENABLE_STRICT_OBJC_MSGSEND = YES;
				ENABLE_TESTABILITY = YES;
				GCC_C_LANGUAGE_STANDARD = gnu99;
				GCC_DYNAMIC_NO_PIC = NO;
				GCC_NO_COMMON_BLOCKS = YES;
				GCC_OPTIMIZATION_LEVEL = 0;
				GCC_PREPROCESSOR_DEFINITIONS = (
					"DEBUG=1",
					"$(inherited)",
				);
				GCC_WARN_64_TO_32_BIT_CONVERSION = YES;
				GCC_WARN_ABOUT_RETURN_TYPE = YES_ERROR;
				GCC_WARN_UNDECLARED_SELECTOR = YES;
				GCC_WARN_UNINITIALIZED_AUTOS = YES_AGGRESSIVE;
				GCC_WARN_UNUSED_FUNCTION = YES;
				GCC_WARN_UNUSED_VARIABLE = YES;
				IPHONEOS_DEPLOYMENT_TARGET = 10.2;
				MTL_ENABLE_DEBUG_INFO = YES;
				ONLY_ACTIVE_ARCH = YES;
				SDKROOT = iphoneos;
				SWIFT_ACTIVE_COMPILATION_CONDITIONS = DEBUG;
				SWIFT_OPTIMIZATION_LEVEL = "-Onone";
				TARGETED_DEVICE_FAMILY = 2;
			};
			name = Debug;
		};
		7B55BC471E135A4F00119A75 /* Release */ = {
			isa = XCBuildConfiguration;
			buildSettings = {
				ALWAYS_SEARCH_USER_PATHS = NO;
				CLANG_ANALYZER_NONNULL = YES;
				CLANG_CXX_LANGUAGE_STANDARD = "gnu++0x";
				CLANG_CXX_LIBRARY = "libc++";
				CLANG_ENABLE_MODULES = YES;
				CLANG_ENABLE_OBJC_ARC = YES;
				CLANG_WARN_BOOL_CONVERSION = YES;
				CLANG_WARN_CONSTANT_CONVERSION = YES;
				CLANG_WARN_DIRECT_OBJC_ISA_USAGE = YES_ERROR;
				CLANG_WARN_DOCUMENTATION_COMMENTS = YES;
				CLANG_WARN_EMPTY_BODY = YES;
				CLANG_WARN_ENUM_CONVERSION = YES;
				CLANG_WARN_INFINITE_RECURSION = YES;
				CLANG_WARN_INT_CONVERSION = YES;
				CLANG_WARN_OBJC_ROOT_CLASS = YES_ERROR;
				CLANG_WARN_SUSPICIOUS_MOVE = YES;
				CLANG_WARN_UNREACHABLE_CODE = YES;
				CLANG_WARN__DUPLICATE_METHOD_MATCH = YES;
				"CODE_SIGN_IDENTITY[sdk=iphoneos*]" = "iPhone Developer";
				COPY_PHASE_STRIP = NO;
				DEBUG_INFORMATION_FORMAT = "dwarf-with-dsym";
				ENABLE_NS_ASSERTIONS = NO;
				ENABLE_STRICT_OBJC_MSGSEND = YES;
				GCC_C_LANGUAGE_STANDARD = gnu99;
				GCC_NO_COMMON_BLOCKS = YES;
				GCC_WARN_64_TO_32_BIT_CONVERSION = YES;
				GCC_WARN_ABOUT_RETURN_TYPE = YES_ERROR;
				GCC_WARN_UNDECLARED_SELECTOR = YES;
				GCC_WARN_UNINITIALIZED_AUTOS = YES_AGGRESSIVE;
				GCC_WARN_UNUSED_FUNCTION = YES;
				GCC_WARN_UNUSED_VARIABLE = YES;
				IPHONEOS_DEPLOYMENT_TARGET = 10.2;
				MTL_ENABLE_DEBUG_INFO = NO;
				SDKROOT = iphoneos;
				SWIFT_OPTIMIZATION_LEVEL = "-Owholemodule";
				TARGETED_DEVICE_FAMILY = 2;
				VALIDATE_PRODUCT = YES;
			};
			name = Release;
		};
		7B55BC491E135A4F00119A75 /* Debug */ = {
			isa = XCBuildConfiguration;
			buildSettings = {
				ASSETCATALOG_COMPILER_APPICON_NAME = AppIcon;
				DEVELOPMENT_TEAM = MW4DYSHR2N;
				INFOPLIST_FILE = "Pirate Bay/Info.plist";
				LD_RUNPATH_SEARCH_PATHS = "$(inherited) @executable_path/Frameworks";
				PRODUCT_BUNDLE_IDENTIFIER = "com.devhubs.Pirate-Bay";
				PRODUCT_NAME = "$(TARGET_NAME)";
				SWIFT_VERSION = 3.0;
			};
			name = Debug;
		};
		7B55BC4A1E135A4F00119A75 /* Release */ = {
			isa = XCBuildConfiguration;
			buildSettings = {
				ASSETCATALOG_COMPILER_APPICON_NAME = AppIcon;
				DEVELOPMENT_TEAM = MW4DYSHR2N;
				INFOPLIST_FILE = "Pirate Bay/Info.plist";
				LD_RUNPATH_SEARCH_PATHS = "$(inherited) @executable_path/Frameworks";
				PRODUCT_BUNDLE_IDENTIFIER = "com.devhubs.Pirate-Bay";
				PRODUCT_NAME = "$(TARGET_NAME)";
				SWIFT_VERSION = 3.0;
			};
			name = Release;
		};
/* End XCBuildConfiguration section */

/* Begin XCConfigurationList section */
		7B55BC311E135A4F00119A75 /* Build configuration list for PBXProject "Pirate Bay" */ = {
			isa = XCConfigurationList;
			buildConfigurations = (
				7B55BC461E135A4F00119A75 /* Debug */,
				7B55BC471E135A4F00119A75 /* Release */,
			);
			defaultConfigurationIsVisible = 0;
			defaultConfigurationName = Release;
		};
		7B55BC481E135A4F00119A75 /* Build configuration list for PBXNativeTarget "Pirate Bay" */ = {
			isa = XCConfigurationList;
			buildConfigurations = (
				7B55BC491E135A4F00119A75 /* Debug */,
				7B55BC4A1E135A4F00119A75 /* Release */,
			);
			defaultConfigurationIsVisible = 0;
		};
/* End XCConfigurationList section */
	};
	rootObject = 7B55BC2E1E135A4F00119A75 /* Project object */;
}
